{
  "version": 1,
  "dependencies": {
    "net9.0": {
      "Microsoft.AspNetCore.Components.Web": {
        "type": "Direct",
        "requested": "[9.*, )",
        "resolved": "9.0.13",
        "contentHash": "OarW/PvR6e+BkOAI3//C8NNKUIGOfBoom0lTxjTbz4tmFoYAP6iwW5EUaO39ntnVR8i2seM9ZLJJLZZCF68FpA==",
        "dependencies": {
          "Microsoft.AspNetCore.Components": "9.0.13",
          "Microsoft.AspNetCore.Components.Forms": "9.0.13",
          "Microsoft.Extensions.DependencyInjection": "9.0.13",
          "Microsoft.Extensions.Primitives": "9.0.13",
          "Microsoft.JSInterop": "9.0.13"
        }
      },
      "Microsoft.Extensions.DependencyInjection.Abstractions": {
        "type": "Direct",
        "requested": "[10.0.3, )",
        "resolved": "10.0.3",
        "contentHash": "bwGMrRcAMWx2s/RDgja97p27rxSz2pEQW0+rX5cWAUWVETVJ/eyxGfjAl8vuG5a+lckWmPIE+vcuaZNVB5YDdw=="
      },
      "Nerdbank.GitVersioning": {
        "type": "Direct",
        "requested": "[3.*, )",
        "resolved": "3.9.50",
        "contentHash": "HtOgGF6jZ+WYbXnCUCYPT8Y2d6mIJo9ozjK/FINTRsXdm4Zgv9GehUMa7EFoGQkqrMcDJNOIDwCmENnvXg4UbA=="
      },
      "PolySharp": {
        "type": "Direct",
        "requested": "[1.*, )",
        "resolved": "1.15.0",
        "contentHash": "FbU0El+EEjdpuIX4iDbeS7ki1uzpJPx8vbqOzEtqnl1GZeAGJfq+jCbxeJL2y0EPnUNk8dRnnqR2xnYXg9Tf+g=="
      },
      "SonarAnalyzer.CSharp": {
        "type": "Direct",
        "requested": "[10.20.0.135146, )",
        "resolved": "10.20.0.135146",
        "contentHash": "Dx+sh/lhhJrG4Sr5W+bCDr/JKhY1Op6UaIoG5UrDVIyryC7rZtqO4Q4adzvm3IqAhFGHY7oYuaSjtR46hIv8qQ=="
      },
      "Microsoft.AspNetCore.Authorization": {
        "type": "Transitive",
        "resolved": "9.0.13",
        "contentHash": "aJ842m6cFcItOzAGQMmGfEw4cqp+VuxNf5NJ0vDAWXEhx3hcBzQXGLzwEJtvOePq2idvjmxzrc15xJNnKbULGQ==",
        "dependencies": {
          "Microsoft.AspNetCore.Metadata": "9.0.13",
          "Microsoft.Extensions.Logging.Abstractions": "9.0.13",
          "Microsoft.Extensions.Options": "9.0.13"
        }
      },
      "Microsoft.AspNetCore.Components": {
        "type": "Transitive",
        "resolved": "9.0.13",
        "contentHash": "zXGTopnq1lnFYgUiSky71iepkStRIwj98m72NKOcL2OauwcsZlOOwE0duKEfz1rCF/6RvQ0OULUWEymNfoVuhA==",
        "dependencies": {
          "Microsoft.AspNetCore.Authorization": "9.0.13",
          "Microsoft.AspNetCore.Components.Analyzers": "9.0.13"
        }
      },
      "Microsoft.AspNetCore.Components.Analyzers": {
        "type": "Transitive",
        "resolved": "9.0.13",
        "contentHash": "C/dAg/EkrPUJ+VpGQ78rjHF29gcpiwOSOMfbLpE3T+5EAUBI0XROtfqOgQuwRtgsLoANf9JrgEeOVAoHhZWZiw=="
      },
      "Microsoft.AspNetCore.Components.Forms": {
        "type": "Transitive",
        "resolved": "9.0.13",
        "contentHash": "oNZ6erQdrRGOd2vdiNZb+32WKLToA0pscF9xcfjumJQLHyGucdfDQQsKQYvYPh/BYd8b3B3LMn+R56pQ0y4wow==",
        "dependencies": {
          "Microsoft.AspNetCore.Components": "9.0.13"
        }
      },
      "Microsoft.AspNetCore.Metadata": {
        "type": "Transitive",
        "resolved": "9.0.13",
        "contentHash": "TCLIPi6M5BCVgpsoxFxlVfgoJH9s0n5jYse2OuGRDWbzjtSTxdTVcDWW3kpxWFm9OK0ssq30I9wwwQqB4owiaA=="
      },
      "Microsoft.Extensions.DependencyInjection": {
        "type": "Transitive",
        "resolved": "9.0.13",
        "contentHash": "TCQIbp1WXPir6PlhXn4N4wc84rA0LEHAYdbJdBOnO2LClzQTok/1YFDu2wTmHvBxDLSDrFZavi1ARnUpmKK12g==",
        "dependencies": {
          "Microsoft.Extensions.DependencyInjection.Abstractions": "9.0.13"
        }
      },
      "Microsoft.Extensions.Logging.Abstractions": {
        "type": "Transitive",
        "resolved": "9.0.13",
        "contentHash": "DjxxzZzkQLRJ6d9FLj7n513UvqYREl0ygN//SYA+N4+QWM1UvSJjpv3+zrlIraUyui0NXRbeJSU/hruR7lTw/g==",
        "dependencies": {
          "Microsoft.Extensions.DependencyInjection.Abstractions": "9.0.13"
        }
      },
      "Microsoft.Extensions.Options": {
        "type": "Transitive",
        "resolved": "9.0.13",
        "contentHash": "MJ0afZ8YTPr+TQ0qN+vp4U1yqgj3ccIhq/sFkznMX/V/sPadIQuQJRNK9gWXUoJ03AQmAt31TXtSMuRX3IvaUw==",
        "dependencies": {
          "Microsoft.Extensions.DependencyInjection.Abstractions": "9.0.13",
          "Microsoft.Extensions.Primitives": "9.0.13"
        }
      },
      "Microsoft.Extensions.Primitives": {
        "type": "Transitive",
        "resolved": "9.0.13",
        "contentHash": "cqzLFZ6rIEX/N1mJAGN8HLqWhlks2G3eYO+9pCShMLqxeBLN7ndS+MbmxiuQiQ0Tj/Q3tVHRWx91n17yLczjmg=="
      },
      "Microsoft.JSInterop": {
        "type": "Transitive",
        "resolved": "9.0.13",
        "contentHash": "n/lAbIpyc4VqrBrUa8lMtaWyyIIx5C29pl+Yhpgv2g/kHVDCtqk+1hZJ9rBVIxL5JTIX5JbzVEiTnEVXVzSJAA=="
      }
    }
  }
}