{
  "version": 1,
  "dependencies": {
    "net10.0": {
      "Microsoft.AspNetCore.Components.Web": {
        "type": "Direct",
        "requested": "[10.*, )",
        "resolved": "10.0.0",
        "contentHash": "TAv9+cOrU27YPKuHE7AlG2UBWtTWivvcDHmfdN2yngzQFtas+3p2IBDAF6odNfOJiW3Cs1lHwzqLAoNw5Sc59Q==",
        "dependencies": {
          "Microsoft.AspNetCore.Components": "10.0.0",
          "Microsoft.AspNetCore.Components.Forms": "10.0.0",
          "Microsoft.Extensions.DependencyInjection": "10.0.0",
          "Microsoft.Extensions.Primitives": "10.0.0",
          "Microsoft.JSInterop": "10.0.0"
        }
      },
      "Microsoft.Extensions.DependencyInjection.Abstractions": {
        "type": "Direct",
        "requested": "[10.*, )",
        "resolved": "10.0.0",
        "contentHash": "L3AdmZ1WOK4XXT5YFPEwyt0ep6l8lGIPs7F5OOBZc77Zqeo01Of7XXICy47628sdVl0v/owxYJTe86DTgFwKCA=="
      },
      "Microsoft.AspNetCore.Authorization": {
        "type": "Transitive",
        "resolved": "10.0.0",
        "contentHash": "8qUwBAtUj9kX8RwqEPGJu3zGM/GlwF2bR9gsxk/+kiSmCB6aDYlYF7E2gM9VOYS9NDF6zxTSEgJxwD9kFbu8Sw==",
        "dependencies": {
          "Microsoft.AspNetCore.Metadata": "10.0.0",
          "Microsoft.Extensions.Diagnostics": "10.0.0",
          "Microsoft.Extensions.Logging.Abstractions": "10.0.0",
          "Microsoft.Extensions.Options": "10.0.0"
        }
      },
      "Microsoft.AspNetCore.Components": {
        "type": "Transitive",
        "resolved": "10.0.0",
        "contentHash": "ljLBmYTPkIe/WhOn/y3kpMCJ4A/xg76H/SRm9XkoOBqlM96Ntcbr+WFJqV/0bEqjaUqQYIMITPnJXrVJ242cWQ==",
        "dependencies": {
          "Microsoft.AspNetCore.Authorization": "10.0.0",
          "Microsoft.AspNetCore.Components.Analyzers": "10.0.0"
        }
      },
      "Microsoft.AspNetCore.Components.Analyzers": {
        "type": "Transitive",
        "resolved": "10.0.0",
        "contentHash": "5j9dQ/U51yLLKo8hKJOU7uTPppPsjLTua0PFzRotaePcmz7M9W7pM69pBXDEgkBfGD1tp2ufH0zHRHkwg1ikDg=="
      },
      "Microsoft.AspNetCore.Components.Forms": {
        "type": "Transitive",
        "resolved": "10.0.0",
        "contentHash": "5kMwH8DqYFfUpyMNv+IzIoDHxR8fHTPKeJeFNAyjY5tMxo3yyM7ezmuYNcVt9QJ+6K2soHQjBnCvFs8yNd3UGQ==",
        "dependencies": {
          "Microsoft.AspNetCore.Components": "10.0.0",
          "Microsoft.Extensions.Validation": "10.0.0"
        }
      },
      "Microsoft.AspNetCore.Metadata": {
        "type": "Transitive",
        "resolved": "10.0.0",
        "contentHash": "uMXReBNxJKabrdoxHn4LNDTlGQFGDPtntlVvqo/b0HaxJzeDAIMFXJJ64mufJCNRuQU/Pus8ngcTZErvnsh7vg=="
      },
      "Microsoft.Extensions.Configuration": {
        "type": "Transitive",
        "resolved": "10.0.0",
        "contentHash": "H4SWETCh/cC5L1WtWchHR6LntGk3rDTTznZMssr4cL8IbDmMWBxY+MOGDc/ASnqNolLKPIWHWeuC1ddiL/iNPw==",
        "dependencies": {
          "Microsoft.Extensions.Configuration.Abstractions": "10.0.0",
          "Microsoft.Extensions.Primitives": "10.0.0"
        }
      },
      "Microsoft.Extensions.Configuration.Abstractions": {
        "type": "Transitive",
        "resolved": "10.0.0",
        "contentHash": "d2kDKnCsJvY7mBVhcjPSp9BkJk48DsaHPg5u+Oy4f8XaOqnEedRy/USyvnpHL92wpJ6DrTPy7htppUUzskbCXQ==",
        "dependencies": {
          "Microsoft.Extensions.Primitives": "10.0.0"
        }
      },
      "Microsoft.Extensions.Configuration.Binder": {
        "type": "Transitive",
        "resolved": "10.0.0",
        "contentHash": "tMF9wNh+hlyYDWB8mrFCQHQmWHlRosol1b/N2Jrefy1bFLnuTlgSYmPyHNmz8xVQgs7DpXytBRWxGhG+mSTp0g==",
        "dependencies": {
          "Microsoft.Extensions.Configuration": "10.0.0",
          "Microsoft.Extensions.Configuration.Abstractions": "10.0.0"
        }
      },
      "Microsoft.Extensions.DependencyInjection": {
        "type": "Transitive",
        "resolved": "10.0.0",
        "contentHash": "f0RBabswJq+gRu5a+hWIobrLWiUYPKMhCD9WO3sYBAdSy3FFH14LMvLVFZc2kPSCimBLxSuitUhsd6tb0TAY6A==",
        "dependencies": {
          "Microsoft.Extensions.DependencyInjection.Abstractions": "10.0.0"
        }
      },
      "Microsoft.Extensions.Diagnostics": {
        "type": "Transitive",
        "resolved": "10.0.0",
        "contentHash": "xjkxIPgrT0mKTfBwb+CVqZnRchyZgzKIfDQOp8z+WUC6vPe3WokIf71z+hJPkH0YBUYJwa7Z/al1R087ib9oiw==",
        "dependencies": {
          "Microsoft.Extensions.Configuration": "10.0.0",
          "Microsoft.Extensions.Diagnostics.Abstractions": "10.0.0",
          "Microsoft.Extensions.Options.ConfigurationExtensions": "10.0.0"
        }
      },
      "Microsoft.Extensions.Diagnostics.Abstractions": {
        "type": "Transitive",
        "resolved": "10.0.0",
        "contentHash": "SfK89ytD61S7DgzorFljSkUeluC1ncn6dtZgwc0ot39f/BEYWBl5jpgvodxduoYAs1d9HG8faCDRZxE95UMo2A==",
        "dependencies": {
          "Microsoft.Extensions.DependencyInjection.Abstractions": "10.0.0",
          "Microsoft.Extensions.Options": "10.0.0"
        }
      },
      "Microsoft.Extensions.Logging.Abstractions": {
        "type": "Transitive",
        "resolved": "10.0.0",
        "contentHash": "FU/IfjDfwaMuKr414SSQNTIti/69bHEMb+QKrskRb26oVqpx3lNFXMjs/RC9ZUuhBhcwDM2BwOgoMw+PZ+beqQ==",
        "dependencies": {
          "Microsoft.Extensions.DependencyInjection.Abstractions": "10.0.0"
        }
      },
      "Microsoft.Extensions.Options": {
        "type": "Transitive",
        "resolved": "10.0.0",
        "contentHash": "8oCAgXOow5XDrY9HaXX1QmH3ORsyZO/ANVHBlhLyCeWTH5Sg4UuqZeOTWJi6484M+LqSx0RqQXDJtdYy2BNiLQ==",
        "dependencies": {
          "Microsoft.Extensions.DependencyInjection.Abstractions": "10.0.0",
          "Microsoft.Extensions.Primitives": "10.0.0"
        }
      },
      "Microsoft.Extensions.Options.ConfigurationExtensions": {
        "type": "Transitive",
        "resolved": "10.0.0",
        "contentHash": "tL9cSl3maS5FPzp/3MtlZI21ExWhni0nnUCF8HY4npTsINw45n9SNDbkKXBMtFyUFGSsQep25fHIDN4f/Vp3AQ==",
        "dependencies": {
          "Microsoft.Extensions.Configuration.Abstractions": "10.0.0",
          "Microsoft.Extensions.Configuration.Binder": "10.0.0",
          "Microsoft.Extensions.DependencyInjection.Abstractions": "10.0.0",
          "Microsoft.Extensions.Options": "10.0.0",
          "Microsoft.Extensions.Primitives": "10.0.0"
        }
      },
      "Microsoft.Extensions.Primitives": {
        "type": "Transitive",
        "resolved": "10.0.0",
        "contentHash": "inRnbpCS0nwO/RuoZIAqxQUuyjaknOOnCEZB55KSMMjRhl0RQDttSmLSGsUJN3RQ3ocf5NDLFd2mOQViHqMK5w=="
      },
      "Microsoft.Extensions.Validation": {
        "type": "Transitive",
        "resolved": "10.0.0",
        "contentHash": "viIKcmaf1akdhx77c+dLkODvhL+HyonHNpBsicndoi47zvbSeHJEWPOk188NnFCh+dCUz7Icld1jPMbS5E2fqw==",
        "dependencies": {
          "Microsoft.Extensions.DependencyInjection.Abstractions": "10.0.0",
          "Microsoft.Extensions.Options": "10.0.0"
        }
      },
      "Microsoft.JSInterop": {
        "type": "Transitive",
        "resolved": "10.0.0",
        "contentHash": "Qfs4KtmfMUQ/BtD4jdt753kiAa7frm1QVms8UHiFArOokoXBkBOOKE2N5APdt3BlAdTSFJNiuDFfgDzVq/3EZg=="
      }
    },
    "net8.0": {
      "Microsoft.AspNetCore.Components.Web": {
        "type": "Direct",
        "requested": "[8.*, )",
        "resolved": "8.0.22",
        "contentHash": "b/ik4mgmL7ncHw9//7mOWnx/BwKdrNO4DUyu3xZuzSt5ABmj1BVTElOCzjLBEewCOCwUIk0LmOqDpzaoXyG/NA==",
        "dependencies": {
          "Microsoft.AspNetCore.Components": "8.0.22",
          "Microsoft.AspNetCore.Components.Forms": "8.0.22",
          "Microsoft.Extensions.DependencyInjection": "8.0.1",
          "Microsoft.Extensions.Primitives": "8.0.0",
          "Microsoft.JSInterop": "8.0.22",
          "System.IO.Pipelines": "8.0.0"
        }
      },
      "Microsoft.Extensions.DependencyInjection.Abstractions": {
        "type": "Direct",
        "requested": "[8.*, )",
        "resolved": "8.0.2",
        "contentHash": "3iE7UF7MQkCv1cxzCahz+Y/guQbTqieyxyaWKhrRO91itI9cOKO76OHeQDahqG4MmW5umr3CcCvGmK92lWNlbg=="
      },
      "Microsoft.AspNetCore.Authorization": {
        "type": "Transitive",
        "resolved": "8.0.22",
        "contentHash": "D7GY8e30UCkjQO9z2cQ1XT/+T1CSAae+KxojcI5SRb8iKmhVjMrAyspdslGMVhS5zOnPgObUp1666BriQmzv3g==",
        "dependencies": {
          "Microsoft.AspNetCore.Metadata": "8.0.22",
          "Microsoft.Extensions.Logging.Abstractions": "8.0.3",
          "Microsoft.Extensions.Options": "8.0.2"
        }
      },
      "Microsoft.AspNetCore.Components": {
        "type": "Transitive",
        "resolved": "8.0.22",
        "contentHash": "qlW2tz9umukb/XTA+D7p+OiOz6l10rtn0jwh2A46LN8VwikutX5HbCE3pdc1x7eG2LdSKb2OLOTpdhaDp4NB3g==",
        "dependencies": {
          "Microsoft.AspNetCore.Authorization": "8.0.22",
          "Microsoft.AspNetCore.Components.Analyzers": "8.0.22"
        }
      },
      "Microsoft.AspNetCore.Components.Analyzers": {
        "type": "Transitive",
        "resolved": "8.0.22",
        "contentHash": "Xf/+WuHI1obDwkxUb8w5P+JnaQJEau6r/fDkTvikUvTsMJOwsMAlaG67mJBx31z21jv2SGSPiOWLysBcLagcIQ=="
      },
      "Microsoft.AspNetCore.Components.Forms": {
        "type": "Transitive",
        "resolved": "8.0.22",
        "contentHash": "QbuKgMz6oE2FR2kFvoYoXJljdp43IQoHXbqmILVPE9TJ80GlTvE6YLqqHdYInT8+gR7lP9r56AJg9n+RBGEhQA==",
        "dependencies": {
          "Microsoft.AspNetCore.Components": "8.0.22"
        }
      },
      "Microsoft.AspNetCore.Metadata": {
        "type": "Transitive",
        "resolved": "8.0.22",
        "contentHash": "Ha5M7eC//ZyBzJTc7CmUs0RJkqfBRXc38xzewR8VqZov8jURWuyaSv2XNiokjt7H77cZjQ7sLL0I/RD5JnQ/nA=="
      },
      "Microsoft.Extensions.DependencyInjection": {
        "type": "Transitive",
        "resolved": "8.0.1",
        "contentHash": "BmANAnR5Xd4Oqw7yQ75xOAYODybZQRzdeNucg7kS5wWKd2PNnMdYtJ2Vciy0QLylRmv42DGl5+AFL9izA6F1Rw==",
        "dependencies": {
          "Microsoft.Extensions.DependencyInjection.Abstractions": "8.0.2"
        }
      },
      "Microsoft.Extensions.Logging.Abstractions": {
        "type": "Transitive",
        "resolved": "8.0.3",
        "contentHash": "dL0QGToTxggRLMYY4ZYX5AMwBb+byQBd/5dMiZE07Nv73o6I5Are3C7eQTh7K2+A4ct0PVISSr7TZANbiNb2yQ==",
        "dependencies": {
          "Microsoft.Extensions.DependencyInjection.Abstractions": "8.0.2"
        }
      },
      "Microsoft.Extensions.Options": {
        "type": "Transitive",
        "resolved": "8.0.2",
        "contentHash": "dWGKvhFybsaZpGmzkGCbNNwBD1rVlWzrZKANLW/CcbFJpCEceMCGzT7zZwHOGBCbwM0SzBuceMj5HN1LKV1QqA==",
        "dependencies": {
          "Microsoft.Extensions.DependencyInjection.Abstractions": "8.0.0",
          "Microsoft.Extensions.Primitives": "8.0.0"
        }
      },
      "Microsoft.Extensions.Primitives": {
        "type": "Transitive",
        "resolved": "8.0.0",
        "contentHash": "bXJEZrW9ny8vjMF1JV253WeLhpEVzFo1lyaZu1vQ4ZxWUlVvknZ/+ftFgVheLubb4eZPSwwxBeqS1JkCOjxd8g=="
      },
      "Microsoft.JSInterop": {
        "type": "Transitive",
        "resolved": "8.0.22",
        "contentHash": "RmReQAbsJXtJZjQEAo2XrpZDplNmvLtysMRGbcQlLwY6A/3/HZ3Y0kR1K6aq9PK5wyF6S5AwRNny09H+L997/Q=="
      },
      "System.IO.Pipelines": {
        "type": "Transitive",
        "resolved": "8.0.0",
        "contentHash": "FHNOatmUq0sqJOkTx+UF/9YK1f180cnW5FVqnQMvYUN0elp6wFzbtPSiqbo1/ru8ICp43JM1i7kKkk6GsNGHlA=="
      }
    },
    "net9.0": {
      "Microsoft.AspNetCore.Components.Web": {
        "type": "Direct",
        "requested": "[9.*, )",
        "resolved": "9.0.11",
        "contentHash": "wU9oVKqHfP4euIpRiRHLVkmhjFXctOvRDHOMUdBRnUErUua+fE6KsIRuBvUKla6tIql9sS58wbETZnjZpnX0lw==",
        "dependencies": {
          "Microsoft.AspNetCore.Components": "9.0.11",
          "Microsoft.AspNetCore.Components.Forms": "9.0.11",
          "Microsoft.Extensions.DependencyInjection": "9.0.11",
          "Microsoft.Extensions.Primitives": "9.0.11",
          "Microsoft.JSInterop": "9.0.11"
        }
      },
      "Microsoft.Extensions.DependencyInjection.Abstractions": {
        "type": "Direct",
        "requested": "[9.*, )",
        "resolved": "9.0.11",
        "contentHash": "+ZxxZzcVU+IEzq12GItUzf/V3mEc5nSLiXijwvDc4zyhbjvSZZ043giSZqGnhakrjwRWjkerIHPrRwm9okEIpw=="
      },
      "Microsoft.AspNetCore.Authorization": {
        "type": "Transitive",
        "resolved": "9.0.11",
        "contentHash": "VtzQJnpvemh+n4jjMJR+XWiupCWu+Em822orJIFF9jXRfrJET1fBTo6yWqNFnQQKqtvQ3E4Vrjq0N/bHdZR25w==",
        "dependencies": {
          "Microsoft.AspNetCore.Metadata": "9.0.11",
          "Microsoft.Extensions.Logging.Abstractions": "9.0.11",
          "Microsoft.Extensions.Options": "9.0.11"
        }
      },
      "Microsoft.AspNetCore.Components": {
        "type": "Transitive",
        "resolved": "9.0.11",
        "contentHash": "HIMOsBnuhcTNWBnCyugRHVgrh4iYfIM2Hl+8+8SQ6wrEIk+I2fUKa8USwV8XaMvZsjyJD7fPHaldAPoR9BNAVA==",
        "dependencies": {
          "Microsoft.AspNetCore.Authorization": "9.0.11",
          "Microsoft.AspNetCore.Components.Analyzers": "9.0.11"
        }
      },
      "Microsoft.AspNetCore.Components.Analyzers": {
        "type": "Transitive",
        "resolved": "9.0.11",
        "contentHash": "7345cqEUev15rfdBeoBmYtUFrdHyYP/FVUbva3Q66eFTT0UuaykqWPtHmnv8R8GJZ9xntMxKhmqhySZTnth7sQ=="
      },
      "Microsoft.AspNetCore.Components.Forms": {
        "type": "Transitive",
        "resolved": "9.0.11",
        "contentHash": "emoJb7TUrOy27stNXcXv+WsyItn0Qhe4gMcZHtfIfcnErRjN2YOotCAKWezBeKvYWqaV28qsDpjxvjjcANxZGw==",
        "dependencies": {
          "Microsoft.AspNetCore.Components": "9.0.11"
        }
      },
      "Microsoft.AspNetCore.Metadata": {
        "type": "Transitive",
        "resolved": "9.0.11",
        "contentHash": "O0HzG5utNH6ihO632k0nHFZa8iNDmGphdgWWqeDSdN/T9n0ZOXlA5+q77DxY3nHTjNfA0KMfpykIhEI+Wmzosg=="
      },
      "Microsoft.Extensions.DependencyInjection": {
        "type": "Transitive",
        "resolved": "9.0.11",
        "contentHash": "UquyDzvz0EneIQrrU67GJkIgynS+VD7t+RDtNv6VgKMOFrLBjldn6hzlXppGGecFMvAkMTqn4T8RYvzw7j7fQA==",
        "dependencies": {
          "Microsoft.Extensions.DependencyInjection.Abstractions": "9.0.11"
        }
      },
      "Microsoft.Extensions.Logging.Abstractions": {
        "type": "Transitive",
        "resolved": "9.0.11",
        "contentHash": "UKWFTDwtZQIoypyt1YPVsxTnDK+0sKn26+UeSGeNlkRQddrkt9EC6kP4g94rgO/WOZkz94bKNlF1dVZN3QfPFQ==",
        "dependencies": {
          "Microsoft.Extensions.DependencyInjection.Abstractions": "9.0.11"
        }
      },
      "Microsoft.Extensions.Options": {
        "type": "Transitive",
        "resolved": "9.0.11",
        "contentHash": "HX4M3BLkW1dtByMKHDVq6r7Jy6e4hf8NDzHpIgz7C8BtYk9JQHhfYX5c1UheQTD5Veg1yBhz/cD9C8vtrGrk9w==",
        "dependencies": {
          "Microsoft.Extensions.DependencyInjection.Abstractions": "9.0.11",
          "Microsoft.Extensions.Primitives": "9.0.11"
        }
      },
      "Microsoft.Extensions.Primitives": {
        "type": "Transitive",
        "resolved": "9.0.11",
        "contentHash": "rtUNSIhbQTv8iSBTFvtg2b/ZUkoqC9qAH9DdC2hr+xPpoZrxiCITci9UR/ELUGUGnGUrF8Xye+tGVRhCxE+4LA=="
      },
      "Microsoft.JSInterop": {
        "type": "Transitive",
        "resolved": "9.0.11",
        "contentHash": "5w/W57cXjt8Ugp5COQCsv1R/wt7KzZXjbTqK4AFvgsxqmv1DFJ6OzagzJmwgp6unczFuff6t8wNi+URePV6PYQ=="
      }
    }
  }
}