{
  "version": 1,
  "dependencies": {
    "net9.0": {
      "Microsoft.AspNetCore.Components.Web": {
        "type": "Direct",
        "requested": "[9.*, )",
        "resolved": "9.0.15",
        "contentHash": "lT6XxrKpEYXwCWZp26aq9wH9mNB+PufNVYpYN6aMVqTh2YJToz/isMgJWXfInx2MJYzsXXdltdGoUX7XH75k7g==",
        "dependencies": {
          "Microsoft.AspNetCore.Components": "9.0.15",
          "Microsoft.AspNetCore.Components.Forms": "9.0.15",
          "Microsoft.Extensions.DependencyInjection": "9.0.15",
          "Microsoft.Extensions.Primitives": "9.0.15",
          "Microsoft.JSInterop": "9.0.15"
        }
      },
      "Microsoft.Extensions.DependencyInjection.Abstractions": {
        "type": "Direct",
        "requested": "[10.0.6, )",
        "resolved": "10.0.6",
        "contentHash": "w+dX4SIr1X9yegX2yX2dU1XtP4JAUVNdvOG/Evn+H+ndn96YzfIPX52FALXChrRNWFR9l77FQyg1mB7WQo6iOA=="
      },
      "Nerdbank.GitVersioning": {
        "type": "Direct",
        "requested": "[3.*, )",
        "resolved": "3.9.50",
        "contentHash": "HtOgGF6jZ+WYbXnCUCYPT8Y2d6mIJo9ozjK/FINTRsXdm4Zgv9GehUMa7EFoGQkqrMcDJNOIDwCmENnvXg4UbA=="
      },
      "PolySharp": {
        "type": "Direct",
        "requested": "[1.*, )",
        "resolved": "1.15.0",
        "contentHash": "FbU0El+EEjdpuIX4iDbeS7ki1uzpJPx8vbqOzEtqnl1GZeAGJfq+jCbxeJL2y0EPnUNk8dRnnqR2xnYXg9Tf+g=="
      },
      "SonarAnalyzer.CSharp": {
        "type": "Direct",
        "requested": "[10.22.0.136894, )",
        "resolved": "10.22.0.136894",
        "contentHash": "6fI0XUWHvFIa/cvo1HuopV1Gh1hnKJq+XlTMJ2q71+6D3uVkl6Vxza3fFKQ9C4Bc7KFUFtukzRPmiH1be0JxOA=="
      },
      "Microsoft.AspNetCore.Authorization": {
        "type": "Transitive",
        "resolved": "9.0.15",
        "contentHash": "7gJ4GiatVjH3lkqCkZvjbMxjQUTrRTCnDfLSsAepHl7Vs8tfb4/U/1VZSehBnZgigmGLM2uFEyNDmguz2B1hng==",
        "dependencies": {
          "Microsoft.AspNetCore.Metadata": "9.0.15",
          "Microsoft.Extensions.Logging.Abstractions": "9.0.15",
          "Microsoft.Extensions.Options": "9.0.15"
        }
      },
      "Microsoft.AspNetCore.Components": {
        "type": "Transitive",
        "resolved": "9.0.15",
        "contentHash": "XExw1SRdTqDvZJPnyG85paGau4XcX6jKjwMSHK/dF1E7DQilZdOXrOfjHBaraYU1Lebxo1QTL1Q89NJGhaF8LQ==",
        "dependencies": {
          "Microsoft.AspNetCore.Authorization": "9.0.15",
          "Microsoft.AspNetCore.Components.Analyzers": "9.0.15"
        }
      },
      "Microsoft.AspNetCore.Components.Analyzers": {
        "type": "Transitive",
        "resolved": "9.0.15",
        "contentHash": "QfP4jaJVRoQ3YUo1UKWMu8odLZKaOQVXiXC/q8hxiYYEPAoV7sYyjXfn4D+qcM9XEgEeQ0BBsS6fjbraaCQEVA=="
      },
      "Microsoft.AspNetCore.Components.Forms": {
        "type": "Transitive",
        "resolved": "9.0.15",
        "contentHash": "wg2cVI6BTRt5zhvzDbOTTpr7IZhAKT/EswFsTTJIhpVJg1R1tik7ZDygZAx9dUVeuu05fJMBJx6sVbIIKOXRjQ==",
        "dependencies": {
          "Microsoft.AspNetCore.Components": "9.0.15"
        }
      },
      "Microsoft.AspNetCore.Metadata": {
        "type": "Transitive",
        "resolved": "9.0.15",
        "contentHash": "9S42COxnDU3Wn9DC8ilcaIwo9INLxqkhfeHV9z2RFlD3fbK7povjVYqBjODhRfUfvpOfvwy1T2BYt+NpbETzVg=="
      },
      "Microsoft.Extensions.DependencyInjection": {
        "type": "Transitive",
        "resolved": "9.0.15",
        "contentHash": "IC2QYj9ctbepvv2etwVXFVSfVLyFuYMuHhclQeuFYyWOGOY8yHfv6GzND3Dr4u7AOhWC1p/HwbJQNCZvGdiQ0g==",
        "dependencies": {
          "Microsoft.Extensions.DependencyInjection.Abstractions": "9.0.15"
        }
      },
      "Microsoft.Extensions.Logging.Abstractions": {
        "type": "Transitive",
        "resolved": "9.0.15",
        "contentHash": "kI9Sc2l8oC3bEptPIPp3+aoCBCfrefJHn5lgfKbw526JJbUuNNQPtB/bcUyqFpzr6KKgHxALfNrP6rX1x+19yA==",
        "dependencies": {
          "Microsoft.Extensions.DependencyInjection.Abstractions": "9.0.15"
        }
      },
      "Microsoft.Extensions.Options": {
        "type": "Transitive",
        "resolved": "9.0.15",
        "contentHash": "MbKKtaKGlvil2KWaA3x81l15mUorZGhqe4v8h3eLl7YU6gpOlfARnXYxHxx3GEakHl0De0zeu1kFm3u/NiPdKg==",
        "dependencies": {
          "Microsoft.Extensions.DependencyInjection.Abstractions": "9.0.15",
          "Microsoft.Extensions.Primitives": "9.0.15"
        }
      },
      "Microsoft.Extensions.Primitives": {
        "type": "Transitive",
        "resolved": "9.0.15",
        "contentHash": "WRPJ9kpIwsOcghRT0tduIqiz7CDv7WsnL4kTJavtHS4j5AW++4LlR63oOSTL2o/zLR4T1z0/FQMgrnsPJ5bpQQ=="
      },
      "Microsoft.JSInterop": {
        "type": "Transitive",
        "resolved": "9.0.15",
        "contentHash": "AIqxqHX7HSCEWhrrHRTUiiP+yO4Qz0LMReujd5EPSf+haYsMZkAfmEI8IjVpeSlTI5Zzo777ci7DzrZT3m9enA=="
      }
    }
  }
}